
Microsoft Visual Studio Solution File, Format Version 12.00
# Visual Studio Version 16
VisualStudioVersion = 16.0.28803.452
MinimumVisualStudioVersion = 10.0.40219.1
Project("{FAE04EC0-301F-11D3-BF4B-00C04F79EFBC}") = "WindowsFormsApp1", "WindowsFormsApp1\WindowsFormsApp1.csproj", "{27501C20-5CC7-4626-91CD-C985A1745DD0}"
EndProject
Global
	GlobalSection(SolutionConfigurationPlatforms) = preSolution
		Debug|Any CPU = Debug|Any CPU
		Release|Any CPU = Release|Any CPU
	EndGlobalSection
	GlobalSection(ProjectConfigurationPlatforms) = postSolution
		{27501C20-5CC7-4626-91CD-C985A1745DD0}.Debug|Any CPU.ActiveCfg = Debug|Any CPU
		{27501C20-5CC7-4626-91CD-C985A1745DD0}.Debug|Any CPU.Build.0 = Debug|Any CPU
		{27501C20-5CC7-4626-91CD-C985A1745DD0}.Release|Any CPU.ActiveCfg = Release|Any CPU
		{27501C20-5CC7-4626-91CD-C985A1745DD0}.Release|Any CPU.Build.0 = Release|Any CPU
	EndGlobalSection
	GlobalSection(SolutionProperties) = preSolution
		HideSolutionNode = FALSE
	EndGlobalSection
	GlobalSection(ExtensibilityGlobals) = postSolution
		SolutionGuid = {34AF7DFF-6485-4861-A063-45E5D78D9B8B}
	EndGlobalSection
EndGlobal
